
Microsoft Visual Studio Solution File, Format Version 12.00
# Visual Studio Version 16
VisualStudioVersion = 16.0.28407.52
MinimumVisualStudioVersion = 10.0.40219.1
Project("{FAE04EC0-301F-11D3-BF4B-00C04F79EFBC}") = "Satsuma Power", "Satsuma Power.csproj", "{517C00D7-D3CC-48E2-9550-EB46A1372FA0}"
EndProject
Global
	GlobalSection(SolutionConfigurationPlatforms) = preSolution
		Debug|Any CPU = Debug|Any CPU
		Release|Any CPU = Release|Any CPU
	EndGlobalSection
	GlobalSection(ProjectConfigurationPlatforms) = postSolution
		{517C00D7-D3CC-48E2-9550-EB46A1372FA0}.Debug|Any CPU.ActiveCfg = Debug|Any CPU
		{517C00D7-D3CC-48E2-9550-EB46A1372FA0}.Debug|Any CPU.Build.0 = Debug|Any CPU
		{517C00D7-D3CC-48E2-9550-EB46A1372FA0}.Release|Any CPU.ActiveCfg = Release|Any CPU
		{517C00D7-D3CC-48E2-9550-EB46A1372FA0}.Release|Any CPU.Build.0 = Release|Any CPU
	EndGlobalSection
	GlobalSection(SolutionProperties) = preSolution
		HideSolutionNode = FALSE
	EndGlobalSection
	GlobalSection(ExtensibilityGlobals) = postSolution
		SolutionGuid = {CE418761-214C-4D09-A124-BE546B8F3B60}
	EndGlobalSection
EndGlobal
